// !$*UTF8*$!
{
	archiveVersion = 1;
	classes = {
	};
	objectVersion = 46;
	objects = {

/* Begin PBXBuildFile section */
		221E72AF60F599117310DAB8 /* ViewController.swift in Sources */ = {isa = PBXBuildFile; fileRef = 38BF9E6E80DA900771F573AE /* ViewController.swift */; };
		B30579E10CD37D5DBA60D1D5 /* Foundation.framework in Frameworks */ = {isa = PBXBuildFile; fileRef = F17540E256B3B0FAA2CFCAF6 /* Foundation.framework */; };
		C0F7074440276CB0853E0CCB /* Pods_YunxiaoBugReporterExample.framework in Frameworks */ = {isa = PBXBuildFile; fileRef = AC0625594DF2C62DA9110A36 /* Pods_YunxiaoBugReporterExample.framework */; };
		FD19A8CE3F540081EE1E3155 /* AppDelegate.swift in Sources */ = {isa = PBXBuildFile; fileRef = F5B05779F9D094A72FE327A5 /* AppDelegate.swift */; };
/* End PBXBuildFile section */

/* Begin PBXFileReference section */
		26C2C7A78B526E727DBD8CCC /* Info.plist */ = {isa = PBXFileReference; includeInIndex = 1; lastKnownFileType = text.plist.xml; path = Info.plist; sourceTree = "<group>"; };
		38BF9E6E80DA900771F573AE /* ViewController.swift */ = {isa = PBXFileReference; includeInIndex = 1; lastKnownFileType = sourcecode.swift; path = ViewController.swift; sourceTree = "<group>"; };
		471FAEA3B09E28652D619A8E /* YunxiaoBugReporterExample.app */ = {isa = PBXFileReference; explicitFileType = wrapper.application; includeInIndex = 0; path = YunxiaoBugReporterExample.app; sourceTree = BUILT_PRODUCTS_DIR; };
		AC0625594DF2C62DA9110A36 /* Pods_YunxiaoBugReporterExample.framework */ = {isa = PBXFileReference; explicitFileType = wrapper.framework; includeInIndex = 0; path = Pods_YunxiaoBugReporterExample.framework; sourceTree = BUILT_PRODUCTS_DIR; };
		C77B1DDD2E1E956427E590DF /* Pods-YunxiaoBugReporterExample.release.xcconfig */ = {isa = PBXFileReference; includeInIndex = 1; lastKnownFileType = text.xcconfig; name = "Pods-YunxiaoBugReporterExample.release.xcconfig"; path = "Target Support Files/Pods-YunxiaoBugReporterExample/Pods-YunxiaoBugReporterExample.release.xcconfig"; sourceTree = "<group>"; };
		E48AA68DA294EDD3DF629D10 /* Pods-YunxiaoBugReporterExample.debug.xcconfig */ = {isa = PBXFileReference; includeInIndex = 1; lastKnownFileType = text.xcconfig; name = "Pods-YunxiaoBugReporterExample.debug.xcconfig"; path = "Target Support Files/Pods-YunxiaoBugReporterExample/Pods-YunxiaoBugReporterExample.debug.xcconfig"; sourceTree = "<group>"; };
		F17540E256B3B0FAA2CFCAF6 /* Foundation.framework */ = {isa = PBXFileReference; lastKnownFileType = wrapper.framework; name = Foundation.framework; path = Platforms/iPhoneOS.platform/Developer/SDKs/iPhoneOS18.0.sdk/System/Library/Frameworks/Foundation.framework; sourceTree = DEVELOPER_DIR; };
		F5B05779F9D094A72FE327A5 /* AppDelegate.swift */ = {isa = PBXFileReference; includeInIndex = 1; lastKnownFileType = sourcecode.swift; path = AppDelegate.swift; sourceTree = "<group>"; };
/* End PBXFileReference section */

/* Begin PBXFrameworksBuildPhase section */
		8CD9470ED674F0759AFA6618 /* Frameworks */ = {
			isa = PBXFrameworksBuildPhase;
			buildActionMask = 2147483647;
			files = (
				B30579E10CD37D5DBA60D1D5 /* Foundation.framework in Frameworks */,
				C0F7074440276CB0853E0CCB /* Pods_YunxiaoBugReporterExample.framework in Frameworks */,
			);
			runOnlyForDeploymentPostprocessing = 0;
		};
/* End PBXFrameworksBuildPhase section */

/* Begin PBXGroup section */
		148E0185E0039AA5059E92E4 /* Frameworks */ = {
			isa = PBXGroup;
			children = (
				E8FE5DBE00BB4FAA15607EBC /* iOS */,
				AC0625594DF2C62DA9110A36 /* Pods_YunxiaoBugReporterExample.framework */,
			);
			name = Frameworks;
			sourceTree = "<group>";
		};
		663FE9D1396AE7826DF4FF2C /* Pods */ = {
			isa = PBXGroup;
			children = (
				C77B1DDD2E1E956427E590DF /* Pods-YunxiaoBugReporterExample.release.xcconfig */,
				E48AA68DA294EDD3DF629D10 /* Pods-YunxiaoBugReporterExample.debug.xcconfig */,
			);
			name = Pods;
			path = Pods;
			sourceTree = "<group>";
		};
		D994909F8DA8D2EE3871B0B1 /* YunxiaoBugReporterExample */ = {
			isa = PBXGroup;
			children = (
				F5B05779F9D094A72FE327A5 /* AppDelegate.swift */,
				38BF9E6E80DA900771F573AE /* ViewController.swift */,
				26C2C7A78B526E727DBD8CCC /* Info.plist */,
			);
			name = YunxiaoBugReporterExample;
			path = YunxiaoBugReporterExample;
			sourceTree = "<group>";
		};
		E8FE5DBE00BB4FAA15607EBC /* iOS */ = {
			isa = PBXGroup;
			children = (
				F17540E256B3B0FAA2CFCAF6 /* Foundation.framework */,
			);
			name = iOS;
			sourceTree = "<group>";
		};
		F27A10E1A53020CCCD5ECE97 /* Products */ = {
			isa = PBXGroup;
			children = (
				471FAEA3B09E28652D619A8E /* YunxiaoBugReporterExample.app */,
			);
			name = Products;
			sourceTree = "<group>";
		};
		FDA51BEEB051ECCB3E150B1D = {
			isa = PBXGroup;
			children = (
				F27A10E1A53020CCCD5ECE97 /* Products */,
				148E0185E0039AA5059E92E4 /* Frameworks */,
				D994909F8DA8D2EE3871B0B1 /* YunxiaoBugReporterExample */,
				663FE9D1396AE7826DF4FF2C /* Pods */,
			);
			sourceTree = "<group>";
		};
/* End PBXGroup section */

/* Begin PBXNativeTarget section */
		1F29C232016C76120E9A470C /* YunxiaoBugReporterExample */ = {
			isa = PBXNativeTarget;
			buildConfigurationList = C89E2B8E48AAA0CA1E69EBDA /* Build configuration list for PBXNativeTarget "YunxiaoBugReporterExample" */;
			buildPhases = (
				8E9EAC87ADEBD1D1C1ABBCD5 /* [CP] Check Pods Manifest.lock */,
				22A18A4C2DB9508F1600B4D6 /* Sources */,
				8CD9470ED674F0759AFA6618 /* Frameworks */,
				07AAF46EB88933B84AE78106 /* Resources */,
				3CC274E81AF7678B109EB90E /* [CP] Embed Pods Frameworks */,
			);
			buildRules = (
			);
			dependencies = (
			);
			name = YunxiaoBugReporterExample;
			productName = YunxiaoBugReporterExample;
			productReference = 471FAEA3B09E28652D619A8E /* YunxiaoBugReporterExample.app */;
			productType = "com.apple.product-type.application";
		};
/* End PBXNativeTarget section */

/* Begin PBXProject section */
		8CD7E81DEA351A224133FA7C /* Project object */ = {
			isa = PBXProject;
			attributes = {
				LastSwiftUpdateCheck = 1600;
				LastUpgradeCheck = 1600;
			};
			buildConfigurationList = 45C6E197D196B8AE6AE156E4 /* Build configuration list for PBXProject "YunxiaoBugReporterExample" */;
			compatibilityVersion = "Xcode 3.2";
			developmentRegion = en;
			hasScannedForEncodings = 0;
			knownRegions = (
				en,
				Base,
			);
			mainGroup = FDA51BEEB051ECCB3E150B1D;
			minimizedProjectReferenceProxies = 0;
			preferredProjectObjectVersion = 77;
			productRefGroup = F27A10E1A53020CCCD5ECE97 /* Products */;
			projectDirPath = "";
			projectRoot = "";
			targets = (
				1F29C232016C76120E9A470C /* YunxiaoBugReporterExample */,
			);
		};
/* End PBXProject section */

/* Begin PBXResourcesBuildPhase section */
		07AAF46EB88933B84AE78106 /* Resources */ = {
			isa = PBXResourcesBuildPhase;
			buildActionMask = 2147483647;
			files = (
			);
			runOnlyForDeploymentPostprocessing = 0;
		};
/* End PBXResourcesBuildPhase section */

/* Begin PBXShellScriptBuildPhase section */
		3CC274E81AF7678B109EB90E /* [CP] Embed Pods Frameworks */ = {
			isa = PBXShellScriptBuildPhase;
			buildActionMask = 2147483647;
			files = (
			);
			inputPaths = (
				"${PODS_ROOT}/Target Support Files/Pods-YunxiaoBugReporterExample/Pods-YunxiaoBugReporterExample-frameworks.sh",
				"${BUILT_PRODUCTS_DIR}/YunxiaoBugReporter/YunxiaoBugReporter.framework",
			);
			name = "[CP] Embed Pods Frameworks";
			outputPaths = (
				"${TARGET_BUILD_DIR}/${FRAMEWORKS_FOLDER_PATH}/YunxiaoBugReporter.framework",
			);
			runOnlyForDeploymentPostprocessing = 0;
			shellPath = /bin/sh;
			shellScript = "\"${PODS_ROOT}/Target Support Files/Pods-YunxiaoBugReporterExample/Pods-YunxiaoBugReporterExample-frameworks.sh\"\n";
			showEnvVarsInLog = 0;
		};
		8E9EAC87ADEBD1D1C1ABBCD5 /* [CP] Check Pods Manifest.lock */ = {
			isa = PBXShellScriptBuildPhase;
			buildActionMask = 2147483647;
			files = (
			);
			inputFileListPaths = (
			);
			inputPaths = (
				"${PODS_PODFILE_DIR_PATH}/Podfile.lock",
				"${PODS_ROOT}/Manifest.lock",
			);
			name = "[CP] Check Pods Manifest.lock";
			outputFileListPaths = (
			);
			outputPaths = (
				"$(DERIVED_FILE_DIR)/Pods-YunxiaoBugReporterExample-checkManifestLockResult.txt",
			);
			runOnlyForDeploymentPostprocessing = 0;
			shellPath = /bin/sh;
			shellScript = "diff \"${PODS_PODFILE_DIR_PATH}/Podfile.lock\" \"${PODS_ROOT}/Manifest.lock\" > /dev/null\nif [ $? != 0 ] ; then\n    # print error to STDERR\n    echo \"error: The sandbox is not in sync with the Podfile.lock. Run 'pod install' or update your CocoaPods installation.\" >&2\n    exit 1\nfi\n# This output is used by Xcode 'outputs' to avoid re-running this script phase.\necho \"SUCCESS\" > \"${SCRIPT_OUTPUT_FILE_0}\"\n";
			showEnvVarsInLog = 0;
		};
/* End PBXShellScriptBuildPhase section */

/* Begin PBXSourcesBuildPhase section */
		22A18A4C2DB9508F1600B4D6 /* Sources */ = {
			isa = PBXSourcesBuildPhase;
			buildActionMask = 2147483647;
			files = (
				FD19A8CE3F540081EE1E3155 /* AppDelegate.swift in Sources */,
				221E72AF60F599117310DAB8 /* ViewController.swift in Sources */,
			);
			runOnlyForDeploymentPostprocessing = 0;
		};
/* End PBXSourcesBuildPhase section */

/* Begin XCBuildConfiguration section */
		0693353D05BF4E01B0EC0BD1 /* Release */ = {
			isa = XCBuildConfiguration;
			baseConfigurationReference = C77B1DDD2E1E956427E590DF /* Pods-YunxiaoBugReporterExample.release.xcconfig */;
			buildSettings = {
				ASSETCATALOG_COMPILER_APPICON_NAME = AppIcon;
				ASSETCATALOG_COMPILER_GENERATE_ASSET_SYMBOLS = NO;
				ASSETCATALOG_COMPILER_GLOBAL_ACCENT_COLOR_NAME = AccentColor;
				CLANG_ENABLE_OBJC_WEAK = NO;
				CODE_SIGNING_REQUIRED = NO;
				CODE_SIGN_IDENTITY = "";
				CODE_SIGN_STYLE = Automatic;
				ENABLE_BITCODE = NO;
				GENERATE_INFOPLIST_FILE = NO;
				INFOPLIST_FILE = YunxiaoBugReporterExample/Info.plist;
				IPHONEOS_DEPLOYMENT_TARGET = 15.0;
				LD_RUNPATH_SEARCH_PATHS = "$(inherited) @executable_path/Frameworks";
				PRODUCT_BUNDLE_IDENTIFIER = com.example.YunxiaoBugReporterExample;
				PRODUCT_NAME = "$(TARGET_NAME)";
				SDKROOT = iphoneos;
				SWIFT_VERSION = 5.0;
				TARGETED_DEVICE_FAMILY = "1,2";
				VALIDATE_PRODUCT = YES;
			};
			name = Release;
		};
		7484D21F1786989CAE718D89 /* Debug */ = {
			isa = XCBuildConfiguration;
			buildSettings = {
				ALWAYS_SEARCH_USER_PATHS = NO;
				CLANG_ANALYZER_NONNULL = YES;
				CLANG_ANALYZER_NUMBER_OBJECT_CONVERSION = YES_AGGRESSIVE;
				CLANG_CXX_LANGUAGE_STANDARD = "gnu++14";
				CLANG_CXX_LIBRARY = "libc++";
				CLANG_ENABLE_MODULES = YES;
				CLANG_ENABLE_OBJC_ARC = YES;
				CLANG_ENABLE_OBJC_WEAK = YES;
				CLANG_WARN_BLOCK_CAPTURE_AUTORELEASING = YES;
				CLANG_WARN_BOOL_CONVERSION = YES;
				CLANG_WARN_COMMA = YES;
				CLANG_WARN_CONSTANT_CONVERSION = YES;
				CLANG_WARN_DEPRECATED_OBJC_IMPLEMENTATIONS = YES;
				CLANG_WARN_DIRECT_OBJC_ISA_USAGE = YES_ERROR;
				CLANG_WARN_DOCUMENTATION_COMMENTS = YES;
				CLANG_WARN_EMPTY_BODY = YES;
				CLANG_WARN_ENUM_CONVERSION = YES;
				CLANG_WARN_INFINITE_RECURSION = YES;
				CLANG_WARN_INT_CONVERSION = YES;
				CLANG_WARN_NON_LITERAL_NULL_CONVERSION = YES;
				CLANG_WARN_OBJC_IMPLICIT_RETAIN_SELF = YES;
				CLANG_WARN_OBJC_LITERAL_CONVERSION = YES;
				CLANG_WARN_OBJC_ROOT_CLASS = YES_ERROR;
				CLANG_WARN_QUOTED_INCLUDE_IN_FRAMEWORK_HEADER = YES;
				CLANG_WARN_RANGE_LOOP_ANALYSIS = YES;
				CLANG_WARN_STRICT_PROTOTYPES = YES;
				CLANG_WARN_SUSPICIOUS_MOVE = YES;
				CLANG_WARN_UNGUARDED_AVAILABILITY = YES_AGGRESSIVE;
				CLANG_WARN_UNREACHABLE_CODE = YES;
				CLANG_WARN__DUPLICATE_METHOD_MATCH = YES;
				COPY_PHASE_STRIP = NO;
				DEBUG_INFORMATION_FORMAT = dwarf;
				ENABLE_STRICT_OBJC_MSGSEND = YES;
				ENABLE_TESTABILITY = YES;
				GCC_C_LANGUAGE_STANDARD = gnu11;
				GCC_DYNAMIC_NO_PIC = NO;
				GCC_NO_COMMON_BLOCKS = YES;
				GCC_OPTIMIZATION_LEVEL = 0;
				GCC_PREPROCESSOR_DEFINITIONS = (
					"DEBUG=1",
					"$(inherited)",
				);
				GCC_WARN_64_TO_32_BIT_CONVERSION = YES;
				GCC_WARN_ABOUT_RETURN_TYPE = YES_ERROR;
				GCC_WARN_UNDECLARED_SELECTOR = YES;
				GCC_WARN_UNINITIALIZED_AUTOS = YES_AGGRESSIVE;
				GCC_WARN_UNUSED_FUNCTION = YES;
				GCC_WARN_UNUSED_VARIABLE = YES;
				MTL_ENABLE_DEBUG_INFO = INCLUDE_SOURCE;
				MTL_FAST_MATH = YES;
				ONLY_ACTIVE_ARCH = YES;
				PRODUCT_NAME = "$(TARGET_NAME)";
				SWIFT_ACTIVE_COMPILATION_CONDITIONS = DEBUG;
				SWIFT_OPTIMIZATION_LEVEL = "-Onone";
				SWIFT_VERSION = 5.0;
			};
			name = Debug;
		};
		7C357BC58CAD64639E8853E4 /* Release */ = {
			isa = XCBuildConfiguration;
			buildSettings = {
				ALWAYS_SEARCH_USER_PATHS = NO;
				CLANG_ANALYZER_NONNULL = YES;
				CLANG_ANALYZER_NUMBER_OBJECT_CONVERSION = YES_AGGRESSIVE;
				CLANG_CXX_LANGUAGE_STANDARD = "gnu++14";
				CLANG_CXX_LIBRARY = "libc++";
				CLANG_ENABLE_MODULES = YES;
				CLANG_ENABLE_OBJC_ARC = YES;
				CLANG_ENABLE_OBJC_WEAK = YES;
				CLANG_WARN_BLOCK_CAPTURE_AUTORELEASING = YES;
				CLANG_WARN_BOOL_CONVERSION = YES;
				CLANG_WARN_COMMA = YES;
				CLANG_WARN_CONSTANT_CONVERSION = YES;
				CLANG_WARN_DEPRECATED_OBJC_IMPLEMENTATIONS = YES;
				CLANG_WARN_DIRECT_OBJC_ISA_USAGE = YES_ERROR;
				CLANG_WARN_DOCUMENTATION_COMMENTS = YES;
				CLANG_WARN_EMPTY_BODY = YES;
				CLANG_WARN_ENUM_CONVERSION = YES;
				CLANG_WARN_INFINITE_RECURSION = YES;
				CLANG_WARN_INT_CONVERSION = YES;
				CLANG_WARN_NON_LITERAL_NULL_CONVERSION = YES;
				CLANG_WARN_OBJC_IMPLICIT_RETAIN_SELF = YES;
				CLANG_WARN_OBJC_LITERAL_CONVERSION = YES;
				CLANG_WARN_OBJC_ROOT_CLASS = YES_ERROR;
				CLANG_WARN_QUOTED_INCLUDE_IN_FRAMEWORK_HEADER = YES;
				CLANG_WARN_RANGE_LOOP_ANALYSIS = YES;
				CLANG_WARN_STRICT_PROTOTYPES = YES;
				CLANG_WARN_SUSPICIOUS_MOVE = YES;
				CLANG_WARN_UNGUARDED_AVAILABILITY = YES_AGGRESSIVE;
				CLANG_WARN_UNREACHABLE_CODE = YES;
				CLANG_WARN__DUPLICATE_METHOD_MATCH = YES;
				COPY_PHASE_STRIP = NO;
				DEBUG_INFORMATION_FORMAT = "dwarf-with-dsym";
				ENABLE_NS_ASSERTIONS = NO;
				ENABLE_STRICT_OBJC_MSGSEND = YES;
				GCC_C_LANGUAGE_STANDARD = gnu11;
				GCC_NO_COMMON_BLOCKS = YES;
				GCC_WARN_64_TO_32_BIT_CONVERSION = YES;
				GCC_WARN_ABOUT_RETURN_TYPE = YES_ERROR;
				GCC_WARN_UNDECLARED_SELECTOR = YES;
				GCC_WARN_UNINITIALIZED_AUTOS = YES_AGGRESSIVE;
				GCC_WARN_UNUSED_FUNCTION = YES;
				GCC_WARN_UNUSED_VARIABLE = YES;
				MTL_ENABLE_DEBUG_INFO = NO;
				MTL_FAST_MATH = YES;
				PRODUCT_NAME = "$(TARGET_NAME)";
				SWIFT_COMPILATION_MODE = wholemodule;
				SWIFT_OPTIMIZATION_LEVEL = "-O";
				SWIFT_VERSION = 5.0;
			};
			name = Release;
		};
		E85E48827B2C0E7A3E02C64C /* Debug */ = {
			isa = XCBuildConfiguration;
			baseConfigurationReference = E48AA68DA294EDD3DF629D10 /* Pods-YunxiaoBugReporterExample.debug.xcconfig */;
			buildSettings = {
				ASSETCATALOG_COMPILER_APPICON_NAME = AppIcon;
				ASSETCATALOG_COMPILER_GENERATE_ASSET_SYMBOLS = NO;
				ASSETCATALOG_COMPILER_GLOBAL_ACCENT_COLOR_NAME = AccentColor;
				CLANG_ENABLE_OBJC_WEAK = NO;
				CODE_SIGNING_REQUIRED = NO;
				CODE_SIGN_IDENTITY = "";
				CODE_SIGN_STYLE = Automatic;
				ENABLE_BITCODE = NO;
				GENERATE_INFOPLIST_FILE = NO;
				INFOPLIST_FILE = YunxiaoBugReporterExample/Info.plist;
				IPHONEOS_DEPLOYMENT_TARGET = 15.0;
				LD_RUNPATH_SEARCH_PATHS = "$(inherited) @executable_path/Frameworks";
				PRODUCT_BUNDLE_IDENTIFIER = com.example.YunxiaoBugReporterExample;
				PRODUCT_NAME = "$(TARGET_NAME)";
				SDKROOT = iphoneos;
				SWIFT_VERSION = 5.0;
				TARGETED_DEVICE_FAMILY = "1,2";
			};
			name = Debug;
		};
/* End XCBuildConfiguration section */

/* Begin XCConfigurationList section */
		45C6E197D196B8AE6AE156E4 /* Build configuration list for PBXProject "YunxiaoBugReporterExample" */ = {
			isa = XCConfigurationList;
			buildConfigurations = (
				7484D21F1786989CAE718D89 /* Debug */,
				7C357BC58CAD64639E8853E4 /* Release */,
			);
			defaultConfigurationIsVisible = 0;
			defaultConfigurationName = Release;
		};
		C89E2B8E48AAA0CA1E69EBDA /* Build configuration list for PBXNativeTarget "YunxiaoBugReporterExample" */ = {
			isa = XCConfigurationList;
			buildConfigurations = (
				0693353D05BF4E01B0EC0BD1 /* Release */,
				E85E48827B2C0E7A3E02C64C /* Debug */,
			);
			defaultConfigurationIsVisible = 0;
			defaultConfigurationName = Release;
		};
/* End XCConfigurationList section */
	};
	rootObject = 8CD7E81DEA351A224133FA7C /* Project object */;
}
