// !$*UTF8*$!
{
	archiveVersion = 1;
	classes = {
	};
	objectVersion = 46;
	objects = {

/* Begin PBXBuildFile section */
		29B3659A0D855DE0F6065A66 /* ConfigView.swift in Sources */ = {isa = PBXBuildFile; fileRef = C9C03BE86FBA7DB9D1985CA5 /* ConfigView.swift */; };
		31E060AF32EB109C2C73ADFB /* Foundation.framework in Frameworks */ = {isa = PBXBuildFile; fileRef = 901D4B0248F9C666D6E3EFBD /* Foundation.framework */; };
		3E3873F559F64587C9BE83F4 /* PhotoPicker.swift in Sources */ = {isa = PBXBuildFile; fileRef = 1FD9802423846080EF45375E /* PhotoPicker.swift */; };
		420110480BCA094269629780 /* AppDelegate.swift in Sources */ = {isa = PBXBuildFile; fileRef = FABDD256C98F4D1805A95E38 /* AppDelegate.swift */; };
		AA1FDB69F2CB55C05CF2CE73 /* KeychainStore.swift in Sources */ = {isa = PBXBuildFile; fileRef = 2FEFD9DF764AB0EAF23E5A48 /* KeychainStore.swift */; };
		AEB9D037DF0B5E6BB0F6211A /* Pods_YunxiaoBugReporterExample.framework in Frameworks */ = {isa = PBXBuildFile; fileRef = AA32BDC0E84A0BB88E58194A /* Pods_YunxiaoBugReporterExample.framework */; };
		C2C8F3039DCEA05E965D2E02 /* DemoConfigStore.swift in Sources */ = {isa = PBXBuildFile; fileRef = 2272B7D0A3206D7E630B2E83 /* DemoConfigStore.swift */; };
		C6F807842BF485BFBC8376C1 /* SubmitView.swift in Sources */ = {isa = PBXBuildFile; fileRef = 1CEFCCCE64F7FB520BB33D70 /* SubmitView.swift */; };
		D9950F2ADB0A337F53689CFA /* ContentRoot.swift in Sources */ = {isa = PBXBuildFile; fileRef = B68FE0CFF90FA0A2354DBDC5 /* ContentRoot.swift */; };
/* End PBXBuildFile section */

/* Begin PBXFileReference section */
		1CEFCCCE64F7FB520BB33D70 /* SubmitView.swift */ = {isa = PBXFileReference; includeInIndex = 1; lastKnownFileType = sourcecode.swift; path = SubmitView.swift; sourceTree = "<group>"; };
		1FD9802423846080EF45375E /* PhotoPicker.swift */ = {isa = PBXFileReference; includeInIndex = 1; lastKnownFileType = sourcecode.swift; path = PhotoPicker.swift; sourceTree = "<group>"; };
		2272B7D0A3206D7E630B2E83 /* DemoConfigStore.swift */ = {isa = PBXFileReference; includeInIndex = 1; lastKnownFileType = sourcecode.swift; path = DemoConfigStore.swift; sourceTree = "<group>"; };
		2FEFD9DF764AB0EAF23E5A48 /* KeychainStore.swift */ = {isa = PBXFileReference; includeInIndex = 1; lastKnownFileType = sourcecode.swift; path = KeychainStore.swift; sourceTree = "<group>"; };
		6BC9F37DFB366DF742D081D8 /* Pods-YunxiaoBugReporterExample.release.xcconfig */ = {isa = PBXFileReference; includeInIndex = 1; lastKnownFileType = text.xcconfig; name = "Pods-YunxiaoBugReporterExample.release.xcconfig"; path = "Target Support Files/Pods-YunxiaoBugReporterExample/Pods-YunxiaoBugReporterExample.release.xcconfig"; sourceTree = "<group>"; };
		901D4B0248F9C666D6E3EFBD /* Foundation.framework */ = {isa = PBXFileReference; lastKnownFileType = wrapper.framework; name = Foundation.framework; path = Platforms/iPhoneOS.platform/Developer/SDKs/iPhoneOS18.0.sdk/System/Library/Frameworks/Foundation.framework; sourceTree = DEVELOPER_DIR; };
		966FE53A73EBD9EB91700F9E /* YunxiaoBugReporterExample.app */ = {isa = PBXFileReference; explicitFileType = wrapper.application; includeInIndex = 0; path = YunxiaoBugReporterExample.app; sourceTree = BUILT_PRODUCTS_DIR; };
		AA32BDC0E84A0BB88E58194A /* Pods_YunxiaoBugReporterExample.framework */ = {isa = PBXFileReference; explicitFileType = wrapper.framework; includeInIndex = 0; path = Pods_YunxiaoBugReporterExample.framework; sourceTree = BUILT_PRODUCTS_DIR; };
		B68FE0CFF90FA0A2354DBDC5 /* ContentRoot.swift */ = {isa = PBXFileReference; includeInIndex = 1; lastKnownFileType = sourcecode.swift; path = ContentRoot.swift; sourceTree = "<group>"; };
		C6A3CB5275AD0ECF46E9176A /* Pods-YunxiaoBugReporterExample.debug.xcconfig */ = {isa = PBXFileReference; includeInIndex = 1; lastKnownFileType = text.xcconfig; name = "Pods-YunxiaoBugReporterExample.debug.xcconfig"; path = "Target Support Files/Pods-YunxiaoBugReporterExample/Pods-YunxiaoBugReporterExample.debug.xcconfig"; sourceTree = "<group>"; };
		C9C03BE86FBA7DB9D1985CA5 /* ConfigView.swift */ = {isa = PBXFileReference; includeInIndex = 1; lastKnownFileType = sourcecode.swift; path = ConfigView.swift; sourceTree = "<group>"; };
		FABDD256C98F4D1805A95E38 /* AppDelegate.swift */ = {isa = PBXFileReference; includeInIndex = 1; lastKnownFileType = sourcecode.swift; path = AppDelegate.swift; sourceTree = "<group>"; };
/* End PBXFileReference section */

/* Begin PBXFrameworksBuildPhase section */
		3A8B341A51439F12289933A3 /* Frameworks */ = {
			isa = PBXFrameworksBuildPhase;
			buildActionMask = 2147483647;
			files = (
				31E060AF32EB109C2C73ADFB /* Foundation.framework in Frameworks */,
				AEB9D037DF0B5E6BB0F6211A /* Pods_YunxiaoBugReporterExample.framework in Frameworks */,
			);
			runOnlyForDeploymentPostprocessing = 0;
		};
/* End PBXFrameworksBuildPhase section */

/* Begin PBXGroup section */
		25B567DD89FDF18D7F0AEB17 /* iOS */ = {
			isa = PBXGroup;
			children = (
				901D4B0248F9C666D6E3EFBD /* Foundation.framework */,
			);
			name = iOS;
			sourceTree = "<group>";
		};
		AB2CB70B2EE4CABBC68BFFEC /* Frameworks */ = {
			isa = PBXGroup;
			children = (
				25B567DD89FDF18D7F0AEB17 /* iOS */,
				AA32BDC0E84A0BB88E58194A /* Pods_YunxiaoBugReporterExample.framework */,
			);
			name = Frameworks;
			sourceTree = "<group>";
		};
		BB367C1841C153531F958840 = {
			isa = PBXGroup;
			children = (
				D6976D14E46C227E5C750935 /* Products */,
				AB2CB70B2EE4CABBC68BFFEC /* Frameworks */,
				CE110315512BFA75E4E1197F /* YunxiaoBugReporterExample */,
				BF8F8352621F7287AE8139EF /* Pods */,
			);
			sourceTree = "<group>";
		};
		BF8F8352621F7287AE8139EF /* Pods */ = {
			isa = PBXGroup;
			children = (
				6BC9F37DFB366DF742D081D8 /* Pods-YunxiaoBugReporterExample.release.xcconfig */,
				C6A3CB5275AD0ECF46E9176A /* Pods-YunxiaoBugReporterExample.debug.xcconfig */,
			);
			name = Pods;
			path = Pods;
			sourceTree = "<group>";
		};
		CE110315512BFA75E4E1197F /* YunxiaoBugReporterExample */ = {
			isa = PBXGroup;
			children = (
				FABDD256C98F4D1805A95E38 /* AppDelegate.swift */,
				2272B7D0A3206D7E630B2E83 /* DemoConfigStore.swift */,
				2FEFD9DF764AB0EAF23E5A48 /* KeychainStore.swift */,
				B68FE0CFF90FA0A2354DBDC5 /* ContentRoot.swift */,
				C9C03BE86FBA7DB9D1985CA5 /* ConfigView.swift */,
				1CEFCCCE64F7FB520BB33D70 /* SubmitView.swift */,
				1FD9802423846080EF45375E /* PhotoPicker.swift */,
			);
			name = YunxiaoBugReporterExample;
			path = YunxiaoBugReporterExample;
			sourceTree = "<group>";
		};
		D6976D14E46C227E5C750935 /* Products */ = {
			isa = PBXGroup;
			children = (
				966FE53A73EBD9EB91700F9E /* YunxiaoBugReporterExample.app */,
			);
			name = Products;
			sourceTree = "<group>";
		};
/* End PBXGroup section */

/* Begin PBXNativeTarget section */
		A84094E779AEC82D05909846 /* YunxiaoBugReporterExample */ = {
			isa = PBXNativeTarget;
			buildConfigurationList = 249401250D2C7C9FA7AC694C /* Build configuration list for PBXNativeTarget "YunxiaoBugReporterExample" */;
			buildPhases = (
				E0FF0E7116A275DA6D93FC8B /* [CP] Check Pods Manifest.lock */,
				F6BB88D40FC2D236C922FA2D /* Sources */,
				3A8B341A51439F12289933A3 /* Frameworks */,
				DC3CC8EF3BEBD27A08779508 /* Resources */,
				10ED98061EE6DFA1EA39DFCF /* [CP] Embed Pods Frameworks */,
			);
			buildRules = (
			);
			dependencies = (
			);
			name = YunxiaoBugReporterExample;
			productName = YunxiaoBugReporterExample;
			productReference = 966FE53A73EBD9EB91700F9E /* YunxiaoBugReporterExample.app */;
			productType = "com.apple.product-type.application";
		};
/* End PBXNativeTarget section */

/* Begin PBXProject section */
		09109D76A3238D2C2A924BE6 /* Project object */ = {
			isa = PBXProject;
			attributes = {
				LastSwiftUpdateCheck = 1600;
				LastUpgradeCheck = 1600;
			};
			buildConfigurationList = FDA4473079C02B3DB58DD44A /* Build configuration list for PBXProject "YunxiaoBugReporterExample" */;
			compatibilityVersion = "Xcode 3.2";
			developmentRegion = en;
			hasScannedForEncodings = 0;
			knownRegions = (
				en,
				Base,
			);
			mainGroup = BB367C1841C153531F958840;
			minimizedProjectReferenceProxies = 0;
			preferredProjectObjectVersion = 77;
			productRefGroup = D6976D14E46C227E5C750935 /* Products */;
			projectDirPath = "";
			projectRoot = "";
			targets = (
				A84094E779AEC82D05909846 /* YunxiaoBugReporterExample */,
			);
		};
/* End PBXProject section */

/* Begin PBXResourcesBuildPhase section */
		DC3CC8EF3BEBD27A08779508 /* Resources */ = {
			isa = PBXResourcesBuildPhase;
			buildActionMask = 2147483647;
			files = (
			);
			runOnlyForDeploymentPostprocessing = 0;
		};
/* End PBXResourcesBuildPhase section */

/* Begin PBXShellScriptBuildPhase section */
		10ED98061EE6DFA1EA39DFCF /* [CP] Embed Pods Frameworks */ = {
			isa = PBXShellScriptBuildPhase;
			buildActionMask = 2147483647;
			files = (
			);
			inputPaths = (
				"${PODS_ROOT}/Target Support Files/Pods-YunxiaoBugReporterExample/Pods-YunxiaoBugReporterExample-frameworks.sh",
				"${BUILT_PRODUCTS_DIR}/YunxiaoBugReporter/YunxiaoBugReporter.framework",
			);
			name = "[CP] Embed Pods Frameworks";
			outputPaths = (
				"${TARGET_BUILD_DIR}/${FRAMEWORKS_FOLDER_PATH}/YunxiaoBugReporter.framework",
			);
			runOnlyForDeploymentPostprocessing = 0;
			shellPath = /bin/sh;
			shellScript = "\"${PODS_ROOT}/Target Support Files/Pods-YunxiaoBugReporterExample/Pods-YunxiaoBugReporterExample-frameworks.sh\"\n";
			showEnvVarsInLog = 0;
		};
		E0FF0E7116A275DA6D93FC8B /* [CP] Check Pods Manifest.lock */ = {
			isa = PBXShellScriptBuildPhase;
			buildActionMask = 2147483647;
			files = (
			);
			inputFileListPaths = (
			);
			inputPaths = (
				"${PODS_PODFILE_DIR_PATH}/Podfile.lock",
				"${PODS_ROOT}/Manifest.lock",
			);
			name = "[CP] Check Pods Manifest.lock";
			outputFileListPaths = (
			);
			outputPaths = (
				"$(DERIVED_FILE_DIR)/Pods-YunxiaoBugReporterExample-checkManifestLockResult.txt",
			);
			runOnlyForDeploymentPostprocessing = 0;
			shellPath = /bin/sh;
			shellScript = "diff \"${PODS_PODFILE_DIR_PATH}/Podfile.lock\" \"${PODS_ROOT}/Manifest.lock\" > /dev/null\nif [ $? != 0 ] ; then\n    # print error to STDERR\n    echo \"error: The sandbox is not in sync with the Podfile.lock. Run 'pod install' or update your CocoaPods installation.\" >&2\n    exit 1\nfi\n# This output is used by Xcode 'outputs' to avoid re-running this script phase.\necho \"SUCCESS\" > \"${SCRIPT_OUTPUT_FILE_0}\"\n";
			showEnvVarsInLog = 0;
		};
/* End PBXShellScriptBuildPhase section */

/* Begin PBXSourcesBuildPhase section */
		F6BB88D40FC2D236C922FA2D /* Sources */ = {
			isa = PBXSourcesBuildPhase;
			buildActionMask = 2147483647;
			files = (
				420110480BCA094269629780 /* AppDelegate.swift in Sources */,
				C2C8F3039DCEA05E965D2E02 /* DemoConfigStore.swift in Sources */,
				AA1FDB69F2CB55C05CF2CE73 /* KeychainStore.swift in Sources */,
				D9950F2ADB0A337F53689CFA /* ContentRoot.swift in Sources */,
				29B3659A0D855DE0F6065A66 /* ConfigView.swift in Sources */,
				C6F807842BF485BFBC8376C1 /* SubmitView.swift in Sources */,
				3E3873F559F64587C9BE83F4 /* PhotoPicker.swift in Sources */,
			);
			runOnlyForDeploymentPostprocessing = 0;
		};
/* End PBXSourcesBuildPhase section */

/* Begin XCBuildConfiguration section */
		20F11FDC1C4A945A9FF62AF8 /* Debug */ = {
			isa = XCBuildConfiguration;
			buildSettings = {
				ALWAYS_SEARCH_USER_PATHS = NO;
				CLANG_ANALYZER_NONNULL = YES;
				CLANG_ANALYZER_NUMBER_OBJECT_CONVERSION = YES_AGGRESSIVE;
				CLANG_CXX_LANGUAGE_STANDARD = "gnu++14";
				CLANG_CXX_LIBRARY = "libc++";
				CLANG_ENABLE_MODULES = YES;
				CLANG_ENABLE_OBJC_ARC = YES;
				CLANG_ENABLE_OBJC_WEAK = YES;
				CLANG_WARN_BLOCK_CAPTURE_AUTORELEASING = YES;
				CLANG_WARN_BOOL_CONVERSION = YES;
				CLANG_WARN_COMMA = YES;
				CLANG_WARN_CONSTANT_CONVERSION = YES;
				CLANG_WARN_DEPRECATED_OBJC_IMPLEMENTATIONS = YES;
				CLANG_WARN_DIRECT_OBJC_ISA_USAGE = YES_ERROR;
				CLANG_WARN_DOCUMENTATION_COMMENTS = YES;
				CLANG_WARN_EMPTY_BODY = YES;
				CLANG_WARN_ENUM_CONVERSION = YES;
				CLANG_WARN_INFINITE_RECURSION = YES;
				CLANG_WARN_INT_CONVERSION = YES;
				CLANG_WARN_NON_LITERAL_NULL_CONVERSION = YES;
				CLANG_WARN_OBJC_IMPLICIT_RETAIN_SELF = YES;
				CLANG_WARN_OBJC_LITERAL_CONVERSION = YES;
				CLANG_WARN_OBJC_ROOT_CLASS = YES_ERROR;
				CLANG_WARN_QUOTED_INCLUDE_IN_FRAMEWORK_HEADER = YES;
				CLANG_WARN_RANGE_LOOP_ANALYSIS = YES;
				CLANG_WARN_STRICT_PROTOTYPES = YES;
				CLANG_WARN_SUSPICIOUS_MOVE = YES;
				CLANG_WARN_UNGUARDED_AVAILABILITY = YES_AGGRESSIVE;
				CLANG_WARN_UNREACHABLE_CODE = YES;
				CLANG_WARN__DUPLICATE_METHOD_MATCH = YES;
				COPY_PHASE_STRIP = NO;
				DEBUG_INFORMATION_FORMAT = dwarf;
				ENABLE_STRICT_OBJC_MSGSEND = YES;
				ENABLE_TESTABILITY = YES;
				GCC_C_LANGUAGE_STANDARD = gnu11;
				GCC_DYNAMIC_NO_PIC = NO;
				GCC_NO_COMMON_BLOCKS = YES;
				GCC_OPTIMIZATION_LEVEL = 0;
				GCC_PREPROCESSOR_DEFINITIONS = (
					"DEBUG=1",
					"$(inherited)",
				);
				GCC_WARN_64_TO_32_BIT_CONVERSION = YES;
				GCC_WARN_ABOUT_RETURN_TYPE = YES_ERROR;
				GCC_WARN_UNDECLARED_SELECTOR = YES;
				GCC_WARN_UNINITIALIZED_AUTOS = YES_AGGRESSIVE;
				GCC_WARN_UNUSED_FUNCTION = YES;
				GCC_WARN_UNUSED_VARIABLE = YES;
				MTL_ENABLE_DEBUG_INFO = INCLUDE_SOURCE;
				MTL_FAST_MATH = YES;
				ONLY_ACTIVE_ARCH = YES;
				PRODUCT_NAME = "$(TARGET_NAME)";
				SWIFT_ACTIVE_COMPILATION_CONDITIONS = DEBUG;
				SWIFT_OPTIMIZATION_LEVEL = "-Onone";
				SWIFT_VERSION = 5.0;
			};
			name = Debug;
		};
		521AA8AAFD183BC64F8BF6FB /* Debug */ = {
			isa = XCBuildConfiguration;
			baseConfigurationReference = C6A3CB5275AD0ECF46E9176A /* Pods-YunxiaoBugReporterExample.debug.xcconfig */;
			buildSettings = {
				ASSETCATALOG_COMPILER_APPICON_NAME = AppIcon;
				ASSETCATALOG_COMPILER_GLOBAL_ACCENT_COLOR_NAME = AccentColor;
				CLANG_ENABLE_OBJC_WEAK = NO;
				GENERATE_INFOPLIST_FILE = NO;
				INFOPLIST_FILE = YunxiaoBugReporterExample/Info.plist;
				IPHONEOS_DEPLOYMENT_TARGET = 16.0;
				LD_RUNPATH_SEARCH_PATHS = "$(inherited) @executable_path/Frameworks";
				PRODUCT_BUNDLE_IDENTIFIER = com.example.YunxiaoBugReporterExample;
				SDKROOT = iphoneos;
				SWIFT_VERSION = 5.0;
				TARGETED_DEVICE_FAMILY = "1,2";
			};
			name = Debug;
		};
		77DE46EE5C8563FD360E8855 /* Release */ = {
			isa = XCBuildConfiguration;
			baseConfigurationReference = 6BC9F37DFB366DF742D081D8 /* Pods-YunxiaoBugReporterExample.release.xcconfig */;
			buildSettings = {
				ASSETCATALOG_COMPILER_APPICON_NAME = AppIcon;
				ASSETCATALOG_COMPILER_GLOBAL_ACCENT_COLOR_NAME = AccentColor;
				CLANG_ENABLE_OBJC_WEAK = NO;
				GENERATE_INFOPLIST_FILE = NO;
				INFOPLIST_FILE = YunxiaoBugReporterExample/Info.plist;
				IPHONEOS_DEPLOYMENT_TARGET = 16.0;
				LD_RUNPATH_SEARCH_PATHS = "$(inherited) @executable_path/Frameworks";
				PRODUCT_BUNDLE_IDENTIFIER = com.example.YunxiaoBugReporterExample;
				SDKROOT = iphoneos;
				SWIFT_VERSION = 5.0;
				TARGETED_DEVICE_FAMILY = "1,2";
				VALIDATE_PRODUCT = YES;
			};
			name = Release;
		};
		7D4E1DA255EA88553AA9C12A /* Release */ = {
			isa = XCBuildConfiguration;
			buildSettings = {
				ALWAYS_SEARCH_USER_PATHS = NO;
				CLANG_ANALYZER_NONNULL = YES;
				CLANG_ANALYZER_NUMBER_OBJECT_CONVERSION = YES_AGGRESSIVE;
				CLANG_CXX_LANGUAGE_STANDARD = "gnu++14";
				CLANG_CXX_LIBRARY = "libc++";
				CLANG_ENABLE_MODULES = YES;
				CLANG_ENABLE_OBJC_ARC = YES;
				CLANG_ENABLE_OBJC_WEAK = YES;
				CLANG_WARN_BLOCK_CAPTURE_AUTORELEASING = YES;
				CLANG_WARN_BOOL_CONVERSION = YES;
				CLANG_WARN_COMMA = YES;
				CLANG_WARN_CONSTANT_CONVERSION = YES;
				CLANG_WARN_DEPRECATED_OBJC_IMPLEMENTATIONS = YES;
				CLANG_WARN_DIRECT_OBJC_ISA_USAGE = YES_ERROR;
				CLANG_WARN_DOCUMENTATION_COMMENTS = YES;
				CLANG_WARN_EMPTY_BODY = YES;
				CLANG_WARN_ENUM_CONVERSION = YES;
				CLANG_WARN_INFINITE_RECURSION = YES;
				CLANG_WARN_INT_CONVERSION = YES;
				CLANG_WARN_NON_LITERAL_NULL_CONVERSION = YES;
				CLANG_WARN_OBJC_IMPLICIT_RETAIN_SELF = YES;
				CLANG_WARN_OBJC_LITERAL_CONVERSION = YES;
				CLANG_WARN_OBJC_ROOT_CLASS = YES_ERROR;
				CLANG_WARN_QUOTED_INCLUDE_IN_FRAMEWORK_HEADER = YES;
				CLANG_WARN_RANGE_LOOP_ANALYSIS = YES;
				CLANG_WARN_STRICT_PROTOTYPES = YES;
				CLANG_WARN_SUSPICIOUS_MOVE = YES;
				CLANG_WARN_UNGUARDED_AVAILABILITY = YES_AGGRESSIVE;
				CLANG_WARN_UNREACHABLE_CODE = YES;
				CLANG_WARN__DUPLICATE_METHOD_MATCH = YES;
				COPY_PHASE_STRIP = NO;
				DEBUG_INFORMATION_FORMAT = "dwarf-with-dsym";
				ENABLE_NS_ASSERTIONS = NO;
				ENABLE_STRICT_OBJC_MSGSEND = YES;
				GCC_C_LANGUAGE_STANDARD = gnu11;
				GCC_NO_COMMON_BLOCKS = YES;
				GCC_WARN_64_TO_32_BIT_CONVERSION = YES;
				GCC_WARN_ABOUT_RETURN_TYPE = YES_ERROR;
				GCC_WARN_UNDECLARED_SELECTOR = YES;
				GCC_WARN_UNINITIALIZED_AUTOS = YES_AGGRESSIVE;
				GCC_WARN_UNUSED_FUNCTION = YES;
				GCC_WARN_UNUSED_VARIABLE = YES;
				MTL_ENABLE_DEBUG_INFO = NO;
				MTL_FAST_MATH = YES;
				PRODUCT_NAME = "$(TARGET_NAME)";
				SWIFT_COMPILATION_MODE = wholemodule;
				SWIFT_OPTIMIZATION_LEVEL = "-O";
				SWIFT_VERSION = 5.0;
			};
			name = Release;
		};
/* End XCBuildConfiguration section */

/* Begin XCConfigurationList section */
		249401250D2C7C9FA7AC694C /* Build configuration list for PBXNativeTarget "YunxiaoBugReporterExample" */ = {
			isa = XCConfigurationList;
			buildConfigurations = (
				77DE46EE5C8563FD360E8855 /* Release */,
				521AA8AAFD183BC64F8BF6FB /* Debug */,
			);
			defaultConfigurationIsVisible = 0;
			defaultConfigurationName = Release;
		};
		FDA4473079C02B3DB58DD44A /* Build configuration list for PBXProject "YunxiaoBugReporterExample" */ = {
			isa = XCConfigurationList;
			buildConfigurations = (
				20F11FDC1C4A945A9FF62AF8 /* Debug */,
				7D4E1DA255EA88553AA9C12A /* Release */,
			);
			defaultConfigurationIsVisible = 0;
			defaultConfigurationName = Release;
		};
/* End XCConfigurationList section */
	};
	rootObject = 09109D76A3238D2C2A924BE6 /* Project object */;
}
